
Microsoft Visual Studio Solution File, Format Version 11.00
# Visual Studio 2010
Project("{FAE04EC0-301F-11D3-BF4B-00C04F79EFBC}") = "VrGUI", "Assembly-CSharp.csproj", "{8FDAF8F6-5509-9808-78BB-DB0B07200017}"
EndProject
Project("{FAE04EC0-301F-11D3-BF4B-00C04F79EFBC}") = "VrGUI", "Assembly-CSharp-Editor.csproj", "{FE52A755-9A09-7C5D-C173-F9370826AE5B}"
EndProject
Global
	GlobalSection(SolutionConfigurationPlatforms) = preSolution
		Debug|Any CPU = Debug|Any CPU
		Release|Any CPU = Release|Any CPU
	EndGlobalSection
	GlobalSection(ProjectConfigurationPlatforms) = postSolution
		{8FDAF8F6-5509-9808-78BB-DB0B07200017}.Debug|Any CPU.ActiveCfg = Debug|Any CPU
		{8FDAF8F6-5509-9808-78BB-DB0B07200017}.Debug|Any CPU.Build.0 = Debug|Any CPU
		{8FDAF8F6-5509-9808-78BB-DB0B07200017}.Release|Any CPU.ActiveCfg = Release|Any CPU
		{8FDAF8F6-5509-9808-78BB-DB0B07200017}.Release|Any CPU.Build.0 = Release|Any CPU
		{FE52A755-9A09-7C5D-C173-F9370826AE5B}.Debug|Any CPU.ActiveCfg = Debug|Any CPU
		{FE52A755-9A09-7C5D-C173-F9370826AE5B}.Debug|Any CPU.Build.0 = Debug|Any CPU
		{FE52A755-9A09-7C5D-C173-F9370826AE5B}.Release|Any CPU.ActiveCfg = Release|Any CPU
		{FE52A755-9A09-7C5D-C173-F9370826AE5B}.Release|Any CPU.Build.0 = Release|Any CPU
	EndGlobalSection
	GlobalSection(SolutionProperties) = preSolution
		HideSolutionNode = FALSE
	EndGlobalSection
	GlobalSection(MonoDevelopProperties) = preSolution
		StartupItem = Assembly-CSharp.csproj
	EndGlobalSection
EndGlobal
